
Microsoft Visual Studio Solution File, Format Version 12.00
# Visual Studio Version 16
VisualStudioVersion = 16.0.810.7
MinimumVisualStudioVersion = 10.0.40219.1
Project("{FAE04EC0-301F-11D3-BF4B-00C04F79EFBC}") = "HiddenVilla_Server", "HiddenVilla_Server.csproj", "{C5930FDF-D0F9-4EAB-98CC-3CCE4366BD1F}"
EndProject
Global
	GlobalSection(SolutionConfigurationPlatforms) = preSolution
		Debug|Any CPU = Debug|Any CPU
		Release|Any CPU = Release|Any CPU
	EndGlobalSection
	GlobalSection(ProjectConfigurationPlatforms) = postSolution
		{C5930FDF-D0F9-4EAB-98CC-3CCE4366BD1F}.Debug|Any CPU.ActiveCfg = Debug|Any CPU
		{C5930FDF-D0F9-4EAB-98CC-3CCE4366BD1F}.Debug|Any CPU.Build.0 = Debug|Any CPU
		{C5930FDF-D0F9-4EAB-98CC-3CCE4366BD1F}.Release|Any CPU.ActiveCfg = Release|Any CPU
		{C5930FDF-D0F9-4EAB-98CC-3CCE4366BD1F}.Release|Any CPU.Build.0 = Release|Any CPU
	EndGlobalSection
	GlobalSection(SolutionProperties) = preSolution
		HideSolutionNode = FALSE
	EndGlobalSection
	GlobalSection(ExtensibilityGlobals) = postSolution
		SolutionGuid = {02A267E0-3568-4EE7-B37D-F7B5ACE027F7}
	EndGlobalSection
EndGlobal
